
Microsoft Visual Studio Solution File, Format Version 12.00
# Visual Studio 14
VisualStudioVersion = 14.0.25420.1
MinimumVisualStudioVersion = 10.0.40219.1
Project("{FAE04EC0-301F-11D3-BF4B-00C04F79EFBC}") = "OwinSelfhostSample", "OwinSelfhostSample\OwinSelfhostSample.csproj", "{FCEFE54A-A869-465C-90B0-DDB10032A8A0}"
EndProject
Project("{FAE04EC0-301F-11D3-BF4B-00C04F79EFBC}") = "NorthwindDatabaseApi", "NorthwindDatabaseApi\NorthwindDatabaseApi.csproj", "{16D23AA9-F95B-4A39-A651-42DB14DA0DB2}"
EndProject
Project("{FAE04EC0-301F-11D3-BF4B-00C04F79EFBC}") = "ConsumeRestServices", "ConsumeRestServices\ConsumeRestServices.csproj", "{0E5907A1-1004-415B-99DA-071BDEBBD06B}"
EndProject
Project("{FAE04EC0-301F-11D3-BF4B-00C04F79EFBC}") = "ConsumeUsingConsole", "ConsumeUsingConsole\ConsumeUsingConsole.csproj", "{CA3BEE5C-84CF-46D8-873F-862EF5C55B2A}"
EndProject
Global
	GlobalSection(SolutionConfigurationPlatforms) = preSolution
		Debug|Any CPU = Debug|Any CPU
		Release|Any CPU = Release|Any CPU
	EndGlobalSection
	GlobalSection(ProjectConfigurationPlatforms) = postSolution
		{FCEFE54A-A869-465C-90B0-DDB10032A8A0}.Debug|Any CPU.ActiveCfg = Debug|Any CPU
		{FCEFE54A-A869-465C-90B0-DDB10032A8A0}.Debug|Any CPU.Build.0 = Debug|Any CPU
		{FCEFE54A-A869-465C-90B0-DDB10032A8A0}.Release|Any CPU.ActiveCfg = Release|Any CPU
		{FCEFE54A-A869-465C-90B0-DDB10032A8A0}.Release|Any CPU.Build.0 = Release|Any CPU
		{16D23AA9-F95B-4A39-A651-42DB14DA0DB2}.Debug|Any CPU.ActiveCfg = Debug|Any CPU
		{16D23AA9-F95B-4A39-A651-42DB14DA0DB2}.Debug|Any CPU.Build.0 = Debug|Any CPU
		{16D23AA9-F95B-4A39-A651-42DB14DA0DB2}.Release|Any CPU.ActiveCfg = Release|Any CPU
		{16D23AA9-F95B-4A39-A651-42DB14DA0DB2}.Release|Any CPU.Build.0 = Release|Any CPU
		{0E5907A1-1004-415B-99DA-071BDEBBD06B}.Debug|Any CPU.ActiveCfg = Debug|Any CPU
		{0E5907A1-1004-415B-99DA-071BDEBBD06B}.Debug|Any CPU.Build.0 = Debug|Any CPU
		{0E5907A1-1004-415B-99DA-071BDEBBD06B}.Release|Any CPU.ActiveCfg = Release|Any CPU
		{0E5907A1-1004-415B-99DA-071BDEBBD06B}.Release|Any CPU.Build.0 = Release|Any CPU
		{CA3BEE5C-84CF-46D8-873F-862EF5C55B2A}.Debug|Any CPU.ActiveCfg = Debug|Any CPU
		{CA3BEE5C-84CF-46D8-873F-862EF5C55B2A}.Debug|Any CPU.Build.0 = Debug|Any CPU
		{CA3BEE5C-84CF-46D8-873F-862EF5C55B2A}.Release|Any CPU.ActiveCfg = Release|Any CPU
		{CA3BEE5C-84CF-46D8-873F-862EF5C55B2A}.Release|Any CPU.Build.0 = Release|Any CPU
	EndGlobalSection
	GlobalSection(SolutionProperties) = preSolution
		HideSolutionNode = FALSE
	EndGlobalSection
EndGlobal
